
Microsoft Visual Studio Solution File, Format Version 12.00
# Visual Studio Version 17
VisualStudioVersion = 17.6.33829.357
MinimumVisualStudioVersion = 10.0.40219.1
Project("{9A19103F-16F7-4668-BE54-9A1E7A4F7556}") = "webapi", "webapi\webapi.csproj", "{A2EA3299-17A9-4764-BE2D-48040AA63D44}"
EndProject
Project("{E53339B2-1760-4266-BCC7-CA923CBCF16C}") = "docker-compose", "docker-compose.dcproj", "{2214070B-F082-49BA-98BE-5A25E3DA52E2}"
EndProject
Project("{FAE04EC0-301F-11D3-BF4B-00C04F79EFBC}") = "webapi.Test", "..\webapi.Test\webapi.Test.csproj", "{B78CC7A8-A504-4A76-B655-A4DC412B23F1}"
EndProject
Global
	GlobalSection(SolutionConfigurationPlatforms) = preSolution
		Debug|Any CPU = Debug|Any CPU
		Release|Any CPU = Release|Any CPU
	EndGlobalSection
	GlobalSection(ProjectConfigurationPlatforms) = postSolution
		{A2EA3299-17A9-4764-BE2D-48040AA63D44}.Debug|Any CPU.ActiveCfg = Debug|Any CPU
		{A2EA3299-17A9-4764-BE2D-48040AA63D44}.Debug|Any CPU.Build.0 = Debug|Any CPU
		{A2EA3299-17A9-4764-BE2D-48040AA63D44}.Release|Any CPU.ActiveCfg = Release|Any CPU
		{A2EA3299-17A9-4764-BE2D-48040AA63D44}.Release|Any CPU.Build.0 = Release|Any CPU
		{2214070B-F082-49BA-98BE-5A25E3DA52E2}.Debug|Any CPU.ActiveCfg = Debug|Any CPU
		{2214070B-F082-49BA-98BE-5A25E3DA52E2}.Debug|Any CPU.Build.0 = Debug|Any CPU
		{2214070B-F082-49BA-98BE-5A25E3DA52E2}.Release|Any CPU.ActiveCfg = Release|Any CPU
		{2214070B-F082-49BA-98BE-5A25E3DA52E2}.Release|Any CPU.Build.0 = Release|Any CPU
		{B78CC7A8-A504-4A76-B655-A4DC412B23F1}.Debug|Any CPU.ActiveCfg = Debug|Any CPU
		{B78CC7A8-A504-4A76-B655-A4DC412B23F1}.Debug|Any CPU.Build.0 = Debug|Any CPU
		{B78CC7A8-A504-4A76-B655-A4DC412B23F1}.Release|Any CPU.ActiveCfg = Release|Any CPU
		{B78CC7A8-A504-4A76-B655-A4DC412B23F1}.Release|Any CPU.Build.0 = Release|Any CPU
	EndGlobalSection
	GlobalSection(SolutionProperties) = preSolution
		HideSolutionNode = FALSE
	EndGlobalSection
	GlobalSection(ExtensibilityGlobals) = postSolution
		SolutionGuid = {5FBA4E5F-DCDB-4076-8908-3DAEB1FE2DF6}
	EndGlobalSection
EndGlobal
